
Microsoft Visual Studio Solution File, Format Version 12.00
# Visual Studio Version 16
VisualStudioVersion = 16.0.29806.167
MinimumVisualStudioVersion = 10.0.40219.1
Project("{9A19103F-16F7-4668-BE54-9A1E7A4F7556}") = "Gallery.Logic", "Gallery.Logic\Gallery.Logic.csproj", "{E9837866-AE22-468F-A2DA-716A652C2D0D}"
EndProject
Project("{9A19103F-16F7-4668-BE54-9A1E7A4F7556}") = "Gallery.Repository", "Gallery.Repository\Gallery.Repository.csproj", "{0C3879F2-94E3-4A36-9D15-10293B9D9D9A}"
EndProject
Project("{9A19103F-16F7-4668-BE54-9A1E7A4F7556}") = "Gallery.Data", "Gallery.Data\Gallery.Data.csproj", "{B39DC3A6-8358-40D7-87B6-4740C4600D15}"
EndProject
Project("{9A19103F-16F7-4668-BE54-9A1E7A4F7556}") = "Gallery.Logic.Tests", "Gallery.Logic.Tests\Gallery.Logic.Tests.csproj", "{1CCF046E-E3F2-4CE7-BEAB-4E41654905EF}"
EndProject
Project("{9A19103F-16F7-4668-BE54-9A1E7A4F7556}") = "Gallery.Endpoint", "Gallery.Endpoint\Gallery.Endpoint.csproj", "{964556E3-D76F-4A3A-B3BB-4B513B6EB3F8}"
	ProjectSection(ProjectDependencies) = postProject
		{E9837866-AE22-468F-A2DA-716A652C2D0D} = {E9837866-AE22-468F-A2DA-716A652C2D0D}
		{B39DC3A6-8358-40D7-87B6-4740C4600D15} = {B39DC3A6-8358-40D7-87B6-4740C4600D15}
		{0C3879F2-94E3-4A36-9D15-10293B9D9D9A} = {0C3879F2-94E3-4A36-9D15-10293B9D9D9A}
	EndProjectSection
EndProject
Project("{9A19103F-16F7-4668-BE54-9A1E7A4F7556}") = "Gallery.WpfClient", "Gallery.WpfClient\Gallery.WpfClient.csproj", "{613049ED-A203-4D71-A9F6-FB9E258E015E}"
EndProject
Project("{FAE04EC0-301F-11D3-BF4B-00C04F79EFBC}") = "Gallery.JSClient", "Gallery.JSClient\Gallery.JSClient.csproj", "{01E99429-BCC2-4BAE-8060-5D8962B5AAB5}"
EndProject
Global
	GlobalSection(SolutionConfigurationPlatforms) = preSolution
		Debug|Any CPU = Debug|Any CPU
		Release|Any CPU = Release|Any CPU
	EndGlobalSection
	GlobalSection(ProjectConfigurationPlatforms) = postSolution
		{E9837866-AE22-468F-A2DA-716A652C2D0D}.Debug|Any CPU.ActiveCfg = Debug|Any CPU
		{E9837866-AE22-468F-A2DA-716A652C2D0D}.Debug|Any CPU.Build.0 = Debug|Any CPU
		{E9837866-AE22-468F-A2DA-716A652C2D0D}.Release|Any CPU.ActiveCfg = Release|Any CPU
		{E9837866-AE22-468F-A2DA-716A652C2D0D}.Release|Any CPU.Build.0 = Release|Any CPU
		{0C3879F2-94E3-4A36-9D15-10293B9D9D9A}.Debug|Any CPU.ActiveCfg = Debug|Any CPU
		{0C3879F2-94E3-4A36-9D15-10293B9D9D9A}.Debug|Any CPU.Build.0 = Debug|Any CPU
		{0C3879F2-94E3-4A36-9D15-10293B9D9D9A}.Release|Any CPU.ActiveCfg = Release|Any CPU
		{0C3879F2-94E3-4A36-9D15-10293B9D9D9A}.Release|Any CPU.Build.0 = Release|Any CPU
		{B39DC3A6-8358-40D7-87B6-4740C4600D15}.Debug|Any CPU.ActiveCfg = Debug|Any CPU
		{B39DC3A6-8358-40D7-87B6-4740C4600D15}.Debug|Any CPU.Build.0 = Debug|Any CPU
		{B39DC3A6-8358-40D7-87B6-4740C4600D15}.Release|Any CPU.ActiveCfg = Release|Any CPU
		{B39DC3A6-8358-40D7-87B6-4740C4600D15}.Release|Any CPU.Build.0 = Release|Any CPU
		{1CCF046E-E3F2-4CE7-BEAB-4E41654905EF}.Debug|Any CPU.ActiveCfg = Debug|Any CPU
		{1CCF046E-E3F2-4CE7-BEAB-4E41654905EF}.Debug|Any CPU.Build.0 = Debug|Any CPU
		{1CCF046E-E3F2-4CE7-BEAB-4E41654905EF}.Release|Any CPU.ActiveCfg = Release|Any CPU
		{1CCF046E-E3F2-4CE7-BEAB-4E41654905EF}.Release|Any CPU.Build.0 = Release|Any CPU
		{964556E3-D76F-4A3A-B3BB-4B513B6EB3F8}.Debug|Any CPU.ActiveCfg = Debug|Any CPU
		{964556E3-D76F-4A3A-B3BB-4B513B6EB3F8}.Debug|Any CPU.Build.0 = Debug|Any CPU
		{964556E3-D76F-4A3A-B3BB-4B513B6EB3F8}.Release|Any CPU.ActiveCfg = Release|Any CPU
		{964556E3-D76F-4A3A-B3BB-4B513B6EB3F8}.Release|Any CPU.Build.0 = Release|Any CPU
		{613049ED-A203-4D71-A9F6-FB9E258E015E}.Debug|Any CPU.ActiveCfg = Debug|Any CPU
		{613049ED-A203-4D71-A9F6-FB9E258E015E}.Debug|Any CPU.Build.0 = Debug|Any CPU
		{613049ED-A203-4D71-A9F6-FB9E258E015E}.Release|Any CPU.ActiveCfg = Release|Any CPU
		{613049ED-A203-4D71-A9F6-FB9E258E015E}.Release|Any CPU.Build.0 = Release|Any CPU
		{01E99429-BCC2-4BAE-8060-5D8962B5AAB5}.Debug|Any CPU.ActiveCfg = Debug|Any CPU
		{01E99429-BCC2-4BAE-8060-5D8962B5AAB5}.Debug|Any CPU.Build.0 = Debug|Any CPU
		{01E99429-BCC2-4BAE-8060-5D8962B5AAB5}.Release|Any CPU.ActiveCfg = Release|Any CPU
		{01E99429-BCC2-4BAE-8060-5D8962B5AAB5}.Release|Any CPU.Build.0 = Release|Any CPU
	EndGlobalSection
	GlobalSection(SolutionProperties) = preSolution
		HideSolutionNode = FALSE
	EndGlobalSection
	GlobalSection(ExtensibilityGlobals) = postSolution
		SolutionGuid = {7C3DB598-41C4-46DC-808F-55DE4DC3145F}
	EndGlobalSection
EndGlobal
